{
    __meta__ = {
        version = "1.0"
    },
    ["linux|x86_64"] = {
        cmake = {
            repo = {
                branch = "master",
                commit = "ae90f6cdc5d558856976f5d7709e875ea0cd02c4",
                url = "https://gitlab.com/tboox/xmake-repo.git"
            },
            version = "3.22.1"
        },
        concurrentqueue = {
            branch = "master",
            repo = {
                branch = "master",
                commit = "ae90f6cdc5d558856976f5d7709e875ea0cd02c4",
                url = "https://gitlab.com/tboox/xmake-repo.git"
            },
            version = "master"
        },
        cxxopts = {
            repo = {
                branch = "master",
                commit = "ae90f6cdc5d558856976f5d7709e875ea0cd02c4",
                url = "https://gitlab.com/tboox/xmake-repo.git"
            },
            version = "v2.2.0"
        },
        fmt = {
            repo = {
                branch = "master",
                commit = "ae90f6cdc5d558856976f5d7709e875ea0cd02c4",
                url = "https://gitlab.com/tboox/xmake-repo.git"
            },
            version = "8.1.1"
        },
        ["hopscotch-map"] = {
            repo = {
                branch = "master",
                commit = "ae90f6cdc5d558856976f5d7709e875ea0cd02c4",
                url = "https://gitlab.com/tboox/xmake-repo.git"
            },
            version = "v2.3.0"
        },
        libcurl = {
            repo = {
                branch = "master",
                commit = "ae90f6cdc5d558856976f5d7709e875ea0cd02c4",
                url = "https://gitlab.com/tboox/xmake-repo.git"
            },
            version = "7.82.0"
        },
        nazaraengine = {
            repo = {
                branch = "master",
                commit = "a90b11ccc3493bbfa92345a19af20d080d0cf4eb",
                url = "https://github.com/NazaraEngine/xmake-repo.git"
            },
            version = "2023.04.13"
        },
        ["nazaraengine~server"] = {
            repo = {
                branch = "master",
                commit = "a90b11ccc3493bbfa92345a19af20d080d0cf4eb",
                url = "https://github.com/NazaraEngine/xmake-repo.git"
            },
            version = "2023.04.13"
        },
        nlohmann_json = {
            repo = {
                branch = "master",
                commit = "ae90f6cdc5d558856976f5d7709e875ea0cd02c4",
                url = "https://gitlab.com/tboox/xmake-repo.git"
            },
            version = "v3.10.5"
        },
        openssl = {
            repo = {
                branch = "master",
                commit = "ae90f6cdc5d558856976f5d7709e875ea0cd02c4",
                url = "https://gitlab.com/tboox/xmake-repo.git"
            },
            version = "1.1.1m"
        },
        ["sol2 v3.2.1"] = {
            repo = {
                branch = "master",
                commit = "ae90f6cdc5d558856976f5d7709e875ea0cd02c4",
                url = "https://gitlab.com/tboox/xmake-repo.git"
            },
            version = "v3.2.1"
        },
        tl_expected = {
            repo = {
                branch = "master",
                commit = "ae90f6cdc5d558856976f5d7709e875ea0cd02c4",
                url = "https://gitlab.com/tboox/xmake-repo.git"
            },
            version = "v1.0.0"
        },
        tl_function_ref = {
            repo = {
                branch = "master",
                commit = "ae90f6cdc5d558856976f5d7709e875ea0cd02c4",
                url = "https://gitlab.com/tboox/xmake-repo.git"
            },
            version = "v1.0.0"
        }
    },
    ["windows|x64"] = {
        ["cmake#31fecfc4"] = {
            repo = {
                branch = "master",
                commit = "3ba329ef4c780e5ace9844bd470797fed66839e3",
                url = "https://gitlab.com/tboox/xmake-repo.git"
            },
            version = "3.26.3"
        },
        ["concurrentqueue#31fecfc4"] = {
            branch = "@default",
            repo = {
                branch = "master",
                commit = "3ba329ef4c780e5ace9844bd470797fed66839e3",
                url = "https://gitlab.com/tboox/xmake-repo.git"
            },
            version = "@default"
        },
        ["cxxopts#31fecfc4"] = {
            repo = {
                branch = "master",
                commit = "3ba329ef4c780e5ace9844bd470797fed66839e3",
                url = "https://gitlab.com/tboox/xmake-repo.git"
            },
            version = "v3.1.1"
        },
        ["efsw#31fecfc4"] = {
            repo = {
                branch = "master",
                commit = "3ba329ef4c780e5ace9844bd470797fed66839e3",
                url = "https://gitlab.com/tboox/xmake-repo.git"
            },
            version = "1.3.1"
        },
        ["entt 3.11.1#31fecfc4"] = {
            repo = {
                branch = "master",
                commit = "3ba329ef4c780e5ace9844bd470797fed66839e3",
                url = "https://gitlab.com/tboox/xmake-repo.git"
            },
            version = "v3.11.1"
        },
        ["fmt#31fecfc4"] = {
            repo = {
                branch = "master",
                commit = "3ba329ef4c780e5ace9844bd470797fed66839e3",
                url = "https://gitlab.com/tboox/xmake-repo.git"
            },
            version = "9.1.0"
        },
        ["fmt#7572102e"] = {
            repo = {
                branch = "master",
                commit = "3ba329ef4c780e5ace9844bd470797fed66839e3",
                url = "https://gitlab.com/tboox/xmake-repo.git"
            },
            version = "9.1.0"
        },
        ["frozen#31fecfc4"] = {
            repo = {
                branch = "master",
                commit = "3ba329ef4c780e5ace9844bd470797fed66839e3",
                url = "https://gitlab.com/tboox/xmake-repo.git"
            },
            version = "1.1.1"
        },
        ["hopscotch-map#31fecfc4"] = {
            repo = {
                branch = "master",
                commit = "3ba329ef4c780e5ace9844bd470797fed66839e3",
                url = "https://gitlab.com/tboox/xmake-repo.git"
            },
            version = "v2.3.0"
        },
        ["libcurl#31fecfc4"] = {
            repo = {
                branch = "master",
                commit = "3ba329ef4c780e5ace9844bd470797fed66839e3",
                url = "https://gitlab.com/tboox/xmake-repo.git"
            },
            version = "7.87.0"
        },
        ["nazaraengine#6e0ce8a6"] = {
            repo = {
                commit = "a90b11ccc3493bbfa92345a19af20d080d0cf4eb",
                url = "https://github.com/NazaraEngine/xmake-repo"
            },
            version = "2023.04.13"
        },
        ["nazarautils#31fecfc4"] = {
            repo = {
                commit = "e3158fdab8a3b39614afd3e52dff32b71564c653",
                url = "https://github.com/NazaraEngine/xmake-repo"
            },
            version = "2023.04.13"
        },
        ["nlohmann_json#31fecfc4"] = {
            repo = {
                branch = "master",
                commit = "3ba329ef4c780e5ace9844bd470797fed66839e3",
                url = "https://gitlab.com/tboox/xmake-repo.git"
            },
            version = "v3.11.2"
        },
        ["nzsl#97361567"] = {
            repo = {
                commit = "a90b11ccc3493bbfa92345a19af20d080d0cf4eb",
                url = "https://github.com/NazaraEngine/xmake-repo"
            },
            version = "2023.04.13"
        },
        ["ordered_map#31fecfc4"] = {
            repo = {
                branch = "master",
                commit = "3ba329ef4c780e5ace9844bd470797fed66839e3",
                url = "https://gitlab.com/tboox/xmake-repo.git"
            },
            version = "v1.0.0"
        },
        ["sol2 v3.2.1#72267bd5"] = {
            repo = {
                branch = "master",
                commit = "3ba329ef4c780e5ace9844bd470797fed66839e3",
                url = "https://gitlab.com/tboox/xmake-repo.git"
            },
            version = "v3.2.1"
        },
        ["stackwalker master#31fecfc4"] = {
            branch = "master",
            repo = {
                branch = "master",
                commit = "3ba329ef4c780e5ace9844bd470797fed66839e3",
                url = "https://gitlab.com/tboox/xmake-repo.git"
            },
            version = "master"
        },
        ["tl_expected#31fecfc4"] = {
            repo = {
                branch = "master",
                commit = "3ba329ef4c780e5ace9844bd470797fed66839e3",
                url = "https://gitlab.com/tboox/xmake-repo.git"
            },
            version = "v1.0.0"
        },
        ["tl_function_ref#31fecfc4"] = {
            repo = {
                branch = "master",
                commit = "3ba329ef4c780e5ace9844bd470797fed66839e3",
                url = "https://gitlab.com/tboox/xmake-repo.git"
            },
            version = "v1.0.0"
        }
    }
}